// !$*UTF8*$!
{
	archiveVersion = 1;
	classes = {
	};
	objectVersion = 50;
	objects = {

/* Begin PBXBuildFile section */
		F241300B220DCAFB00A51CF7 /* AppDelegate.swift in Sources */ = {isa = PBXBuildFile; fileRef = F241300A220DCAFB00A51CF7 /* AppDelegate.swift */; };
		F2413010220DCAFB00A51CF7 /* Main.storyboard in Resources */ = {isa = PBXBuildFile; fileRef = F241300E220DCAFB00A51CF7 /* Main.storyboard */; };
		F2413012220DCAFE00A51CF7 /* Assets.xcassets in Resources */ = {isa = PBXBuildFile; fileRef = F2413011220DCAFE00A51CF7 /* Assets.xcassets */; };
		F2413015220DCAFE00A51CF7 /* LaunchScreen.storyboard in Resources */ = {isa = PBXBuildFile; fileRef = F2413013220DCAFE00A51CF7 /* LaunchScreen.storyboard */; };
		F241301D220DCC5F00A51CF7 /* TaskController.swift in Sources */ = {isa = PBXBuildFile; fileRef = F241301C220DCC5F00A51CF7 /* TaskController.swift */; };
		F241301F2212076100A51CF7 /* task.swift in Sources */ = {isa = PBXBuildFile; fileRef = F241301E2212076100A51CF7 /* task.swift */; };
		F2413021221208D500A51CF7 /* taskStore.swift in Sources */ = {isa = PBXBuildFile; fileRef = F2413020221208D500A51CF7 /* taskStore.swift */; };
		F2FAFF47221C5DB300B45889 /* TasksUtility.swift in Sources */ = {isa = PBXBuildFile; fileRef = F2FAFF46221C5DB300B45889 /* TasksUtility.swift */; };
/* End PBXBuildFile section */

/* Begin PBXFileReference section */
		F2413007220DCAFB00A51CF7 /* Taskly.app */ = {isa = PBXFileReference; explicitFileType = wrapper.application; includeInIndex = 0; path = Taskly.app; sourceTree = BUILT_PRODUCTS_DIR; };
		F241300A220DCAFB00A51CF7 /* AppDelegate.swift */ = {isa = PBXFileReference; lastKnownFileType = sourcecode.swift; path = AppDelegate.swift; sourceTree = "<group>"; };
		F241300F220DCAFB00A51CF7 /* Base */ = {isa = PBXFileReference; lastKnownFileType = file.storyboard; name = Base; path = Base.lproj/Main.storyboard; sourceTree = "<group>"; };
		F2413011220DCAFE00A51CF7 /* Assets.xcassets */ = {isa = PBXFileReference; lastKnownFileType = folder.assetcatalog; path = Assets.xcassets; sourceTree = "<group>"; };
		F2413014220DCAFE00A51CF7 /* Base */ = {isa = PBXFileReference; lastKnownFileType = file.storyboard; name = Base; path = Base.lproj/LaunchScreen.storyboard; sourceTree = "<group>"; };
		F2413016220DCAFE00A51CF7 /* Info.plist */ = {isa = PBXFileReference; lastKnownFileType = text.plist.xml; path = Info.plist; sourceTree = "<group>"; };
		F241301C220DCC5F00A51CF7 /* TaskController.swift */ = {isa = PBXFileReference; lastKnownFileType = sourcecode.swift; path = TaskController.swift; sourceTree = "<group>"; };
		F241301E2212076100A51CF7 /* task.swift */ = {isa = PBXFileReference; lastKnownFileType = sourcecode.swift; path = task.swift; sourceTree = "<group>"; };
		F2413020221208D500A51CF7 /* taskStore.swift */ = {isa = PBXFileReference; lastKnownFileType = sourcecode.swift; path = taskStore.swift; sourceTree = "<group>"; };
		F2FAFF46221C5DB300B45889 /* TasksUtility.swift */ = {isa = PBXFileReference; lastKnownFileType = sourcecode.swift; path = TasksUtility.swift; sourceTree = "<group>"; };
/* End PBXFileReference section */

/* Begin PBXFrameworksBuildPhase section */
		F2413004220DCAFB00A51CF7 /* Frameworks */ = {
			isa = PBXFrameworksBuildPhase;
			buildActionMask = 2147483647;
			files = (
			);
			runOnlyForDeploymentPostprocessing = 0;
		};
/* End PBXFrameworksBuildPhase section */

/* Begin PBXGroup section */
		F2412FFE220DCAFB00A51CF7 = {
			isa = PBXGroup;
			children = (
				F2413009220DCAFB00A51CF7 /* Taskly */,
				F2413008220DCAFB00A51CF7 /* Products */,
			);
			sourceTree = "<group>";
		};
		F2413008220DCAFB00A51CF7 /* Products */ = {
			isa = PBXGroup;
			children = (
				F2413007220DCAFB00A51CF7 /* Taskly.app */,
			);
			name = Products;
			sourceTree = "<group>";
		};
		F2413009220DCAFB00A51CF7 /* Taskly */ = {
			isa = PBXGroup;
			children = (
				F241300E220DCAFB00A51CF7 /* Main.storyboard */,
				F2FAFF45221C5C7500B45889 /* System */,
				F2FAFF44221C5C5F00B45889 /* Helpers */,
				F2FAFF43221C5C4900B45889 /* Controllers */,
				F2FAFF42221C5C1900B45889 /* Models */,
			);
			path = Taskly;
			sourceTree = "<group>";
		};
		F2FAFF42221C5C1900B45889 /* Models */ = {
			isa = PBXGroup;
			children = (
				F241301E2212076100A51CF7 /* task.swift */,
			);
			path = Models;
			sourceTree = "<group>";
		};
		F2FAFF43221C5C4900B45889 /* Controllers */ = {
			isa = PBXGroup;
			children = (
				F241301C220DCC5F00A51CF7 /* TaskController.swift */,
			);
			path = Controllers;
			sourceTree = "<group>";
		};
		F2FAFF44221C5C5F00B45889 /* Helpers */ = {
			isa = PBXGroup;
			children = (
				F2413020221208D500A51CF7 /* taskStore.swift */,
				F2FAFF46221C5DB300B45889 /* TasksUtility.swift */,
			);
			path = Helpers;
			sourceTree = "<group>";
		};
		F2FAFF45221C5C7500B45889 /* System */ = {
			isa = PBXGroup;
			children = (
				F2413013220DCAFE00A51CF7 /* LaunchScreen.storyboard */,
				F2413016220DCAFE00A51CF7 /* Info.plist */,
				F241300A220DCAFB00A51CF7 /* AppDelegate.swift */,
				F2413011220DCAFE00A51CF7 /* Assets.xcassets */,
			);
			path = System;
			sourceTree = "<group>";
		};
/* End PBXGroup section */

/* Begin PBXNativeTarget section */
		F2413006220DCAFB00A51CF7 /* Taskly */ = {
			isa = PBXNativeTarget;
			buildConfigurationList = F2413019220DCAFE00A51CF7 /* Build configuration list for PBXNativeTarget "Taskly" */;
			buildPhases = (
				F2413003220DCAFB00A51CF7 /* Sources */,
				F2413004220DCAFB00A51CF7 /* Frameworks */,
				F2413005220DCAFB00A51CF7 /* Resources */,
			);
			buildRules = (
			);
			dependencies = (
			);
			name = Taskly;
			productName = Taskly;
			productReference = F2413007220DCAFB00A51CF7 /* Taskly.app */;
			productType = "com.apple.product-type.application";
		};
/* End PBXNativeTarget section */

/* Begin PBXProject section */
		F2412FFF220DCAFB00A51CF7 /* Project object */ = {
			isa = PBXProject;
			attributes = {
				LastSwiftUpdateCheck = 1010;
				LastUpgradeCheck = 1010;
				ORGANIZATIONNAME = "Вовк Ольга'";
				TargetAttributes = {
					F2413006220DCAFB00A51CF7 = {
						CreatedOnToolsVersion = 10.1;
					};
				};
			};
			buildConfigurationList = F2413002220DCAFB00A51CF7 /* Build configuration list for PBXProject "Taskly" */;
			compatibilityVersion = "Xcode 9.3";
			developmentRegion = en;
			hasScannedForEncodings = 0;
			knownRegions = (
				en,
				Base,
			);
			mainGroup = F2412FFE220DCAFB00A51CF7;
			productRefGroup = F2413008220DCAFB00A51CF7 /* Products */;
			projectDirPath = "";
			projectRoot = "";
			targets = (
				F2413006220DCAFB00A51CF7 /* Taskly */,
			);
		};
/* End PBXProject section */

/* Begin PBXResourcesBuildPhase section */
		F2413005220DCAFB00A51CF7 /* Resources */ = {
			isa = PBXResourcesBuildPhase;
			buildActionMask = 2147483647;
			files = (
				F2413015220DCAFE00A51CF7 /* LaunchScreen.storyboard in Resources */,
				F2413012220DCAFE00A51CF7 /* Assets.xcassets in Resources */,
				F2413010220DCAFB00A51CF7 /* Main.storyboard in Resources */,
			);
			runOnlyForDeploymentPostprocessing = 0;
		};
/* End PBXResourcesBuildPhase section */

/* Begin PBXSourcesBuildPhase section */
		F2413003220DCAFB00A51CF7 /* Sources */ = {
			isa = PBXSourcesBuildPhase;
			buildActionMask = 2147483647;
			files = (
				F241301D220DCC5F00A51CF7 /* TaskController.swift in Sources */,
				F241301F2212076100A51CF7 /* task.swift in Sources */,
				F2413021221208D500A51CF7 /* taskStore.swift in Sources */,
				F2FAFF47221C5DB300B45889 /* TasksUtility.swift in Sources */,
				F241300B220DCAFB00A51CF7 /* AppDelegate.swift in Sources */,
			);
			runOnlyForDeploymentPostprocessing = 0;
		};
/* End PBXSourcesBuildPhase section */

/* Begin PBXVariantGroup section */
		F241300E220DCAFB00A51CF7 /* Main.storyboard */ = {
			isa = PBXVariantGroup;
			children = (
				F241300F220DCAFB00A51CF7 /* Base */,
			);
			name = Main.storyboard;
			sourceTree = "<group>";
		};
		F2413013220DCAFE00A51CF7 /* LaunchScreen.storyboard */ = {
			isa = PBXVariantGroup;
			children = (
				F2413014220DCAFE00A51CF7 /* Base */,
			);
			name = LaunchScreen.storyboard;
			sourceTree = "<group>";
		};
/* End PBXVariantGroup section */

/* Begin XCBuildConfiguration section */
		F2413017220DCAFE00A51CF7 /* Debug */ = {
			isa = XCBuildConfiguration;
			buildSettings = {
				ALWAYS_SEARCH_USER_PATHS = NO;
				CLANG_ANALYZER_NONNULL = YES;
				CLANG_ANALYZER_NUMBER_OBJECT_CONVERSION = YES_AGGRESSIVE;
				CLANG_CXX_LANGUAGE_STANDARD = "gnu++14";
				CLANG_CXX_LIBRARY = "libc++";
				CLANG_ENABLE_MODULES = YES;
				CLANG_ENABLE_OBJC_ARC = YES;
				CLANG_ENABLE_OBJC_WEAK = YES;
				CLANG_WARN_BLOCK_CAPTURE_AUTORELEASING = YES;
				CLANG_WARN_BOOL_CONVERSION = YES;
				CLANG_WARN_COMMA = YES;
				CLANG_WARN_CONSTANT_CONVERSION = YES;
				CLANG_WARN_DEPRECATED_OBJC_IMPLEMENTATIONS = YES;
				CLANG_WARN_DIRECT_OBJC_ISA_USAGE = YES_ERROR;
				CLANG_WARN_DOCUMENTATION_COMMENTS = YES;
				CLANG_WARN_EMPTY_BODY = YES;
				CLANG_WARN_ENUM_CONVERSION = YES;
				CLANG_WARN_INFINITE_RECURSION = YES;
				CLANG_WARN_INT_CONVERSION = YES;
				CLANG_WARN_NON_LITERAL_NULL_CONVERSION = YES;
				CLANG_WARN_OBJC_IMPLICIT_RETAIN_SELF = YES;
				CLANG_WARN_OBJC_LITERAL_CONVERSION = YES;
				CLANG_WARN_OBJC_ROOT_CLASS = YES_ERROR;
				CLANG_WARN_RANGE_LOOP_ANALYSIS = YES;
				CLANG_WARN_STRICT_PROTOTYPES = YES;
				CLANG_WARN_SUSPICIOUS_MOVE = YES;
				CLANG_WARN_UNGUARDED_AVAILABILITY = YES_AGGRESSIVE;
				CLANG_WARN_UNREACHABLE_CODE = YES;
				CLANG_WARN__DUPLICATE_METHOD_MATCH = YES;
				CODE_SIGN_IDENTITY = "iPhone Developer";
				COPY_PHASE_STRIP = NO;
				DEBUG_INFORMATION_FORMAT = dwarf;
				ENABLE_STRICT_OBJC_MSGSEND = YES;
				ENABLE_TESTABILITY = YES;
				GCC_C_LANGUAGE_STANDARD = gnu11;
				GCC_DYNAMIC_NO_PIC = NO;
				GCC_NO_COMMON_BLOCKS = YES;
				GCC_OPTIMIZATION_LEVEL = 0;
				GCC_PREPROCESSOR_DEFINITIONS = (
					"DEBUG=1",
					"$(inherited)",
				);
				GCC_WARN_64_TO_32_BIT_CONVERSION = YES;
				GCC_WARN_ABOUT_RETURN_TYPE = YES_ERROR;
				GCC_WARN_UNDECLARED_SELECTOR = YES;
				GCC_WARN_UNINITIALIZED_AUTOS = YES_AGGRESSIVE;
				GCC_WARN_UNUSED_FUNCTION = YES;
				GCC_WARN_UNUSED_VARIABLE = YES;
				IPHONEOS_DEPLOYMENT_TARGET = 12.1;
				MTL_ENABLE_DEBUG_INFO = INCLUDE_SOURCE;
				MTL_FAST_MATH = YES;
				ONLY_ACTIVE_ARCH = YES;
				SDKROOT = iphoneos;
				SWIFT_ACTIVE_COMPILATION_CONDITIONS = DEBUG;
				SWIFT_OPTIMIZATION_LEVEL = "-Onone";
			};
			name = Debug;
		};
		F2413018220DCAFE00A51CF7 /* Release */ = {
			isa = XCBuildConfiguration;
			buildSettings = {
				ALWAYS_SEARCH_USER_PATHS = NO;
				CLANG_ANALYZER_NONNULL = YES;
				CLANG_ANALYZER_NUMBER_OBJECT_CONVERSION = YES_AGGRESSIVE;
				CLANG_CXX_LANGUAGE_STANDARD = "gnu++14";
				CLANG_CXX_LIBRARY = "libc++";
				CLANG_ENABLE_MODULES = YES;
				CLANG_ENABLE_OBJC_ARC = YES;
				CLANG_ENABLE_OBJC_WEAK = YES;
				CLANG_WARN_BLOCK_CAPTURE_AUTORELEASING = YES;
				CLANG_WARN_BOOL_CONVERSION = YES;
				CLANG_WARN_COMMA = YES;
				CLANG_WARN_CONSTANT_CONVERSION = YES;
				CLANG_WARN_DEPRECATED_OBJC_IMPLEMENTATIONS = YES;
				CLANG_WARN_DIRECT_OBJC_ISA_USAGE = YES_ERROR;
				CLANG_WARN_DOCUMENTATION_COMMENTS = YES;
				CLANG_WARN_EMPTY_BODY = YES;
				CLANG_WARN_ENUM_CONVERSION = YES;
				CLANG_WARN_INFINITE_RECURSION = YES;
				CLANG_WARN_INT_CONVERSION = YES;
				CLANG_WARN_NON_LITERAL_NULL_CONVERSION = YES;
				CLANG_WARN_OBJC_IMPLICIT_RETAIN_SELF = YES;
				CLANG_WARN_OBJC_LITERAL_CONVERSION = YES;
				CLANG_WARN_OBJC_ROOT_CLASS = YES_ERROR;
				CLANG_WARN_RANGE_LOOP_ANALYSIS = YES;
				CLANG_WARN_STRICT_PROTOTYPES = YES;
				CLANG_WARN_SUSPICIOUS_MOVE = YES;
				CLANG_WARN_UNGUARDED_AVAILABILITY = YES_AGGRESSIVE;
				CLANG_WARN_UNREACHABLE_CODE = YES;
				CLANG_WARN__DUPLICATE_METHOD_MATCH = YES;
				CODE_SIGN_IDENTITY = "iPhone Developer";
				COPY_PHASE_STRIP = NO;
				DEBUG_INFORMATION_FORMAT = "dwarf-with-dsym";
				ENABLE_NS_ASSERTIONS = NO;
				ENABLE_STRICT_OBJC_MSGSEND = YES;
				GCC_C_LANGUAGE_STANDARD = gnu11;
				GCC_NO_COMMON_BLOCKS = YES;
				GCC_WARN_64_TO_32_BIT_CONVERSION = YES;
				GCC_WARN_ABOUT_RETURN_TYPE = YES_ERROR;
				GCC_WARN_UNDECLARED_SELECTOR = YES;
				GCC_WARN_UNINITIALIZED_AUTOS = YES_AGGRESSIVE;
				GCC_WARN_UNUSED_FUNCTION = YES;
				GCC_WARN_UNUSED_VARIABLE = YES;
				IPHONEOS_DEPLOYMENT_TARGET = 12.1;
				MTL_ENABLE_DEBUG_INFO = NO;
				MTL_FAST_MATH = YES;
				SDKROOT = iphoneos;
				SWIFT_COMPILATION_MODE = wholemodule;
				SWIFT_OPTIMIZATION_LEVEL = "-O";
				VALIDATE_PRODUCT = YES;
			};
			name = Release;
		};
		F241301A220DCAFE00A51CF7 /* Debug */ = {
			isa = XCBuildConfiguration;
			buildSettings = {
				ASSETCATALOG_COMPILER_APPICON_NAME = AppIcon;
				CODE_SIGN_STYLE = Automatic;
				DEVELOPMENT_TEAM = 9WU55MK2SW;
				INFOPLIST_FILE = "$(SRCROOT)/Taskly/System/Info.plist";
				IPHONEOS_DEPLOYMENT_TARGET = 10.0;
				LD_RUNPATH_SEARCH_PATHS = (
					"$(inherited)",
					"@executable_path/Frameworks",
				);
				PRODUCT_BUNDLE_IDENTIFIER = com.my.project.Taskly;
				PRODUCT_NAME = "$(TARGET_NAME)";
				SWIFT_VERSION = 4.2;
				TARGETED_DEVICE_FAMILY = "1,2";
			};
			name = Debug;
		};
		F241301B220DCAFE00A51CF7 /* Release */ = {
			isa = XCBuildConfiguration;
			buildSettings = {
				ASSETCATALOG_COMPILER_APPICON_NAME = AppIcon;
				CODE_SIGN_STYLE = Automatic;
				DEVELOPMENT_TEAM = 9WU55MK2SW;
				INFOPLIST_FILE = "$(SRCROOT)/Taskly/System/Info.plist";
				IPHONEOS_DEPLOYMENT_TARGET = 10.0;
				LD_RUNPATH_SEARCH_PATHS = (
					"$(inherited)",
					"@executable_path/Frameworks",
				);
				PRODUCT_BUNDLE_IDENTIFIER = com.my.project.Taskly;
				PRODUCT_NAME = "$(TARGET_NAME)";
				SWIFT_VERSION = 4.2;
				TARGETED_DEVICE_FAMILY = "1,2";
			};
			name = Release;
		};
/* End XCBuildConfiguration section */

/* Begin XCConfigurationList section */
		F2413002220DCAFB00A51CF7 /* Build configuration list for PBXProject "Taskly" */ = {
			isa = XCConfigurationList;
			buildConfigurations = (
				F2413017220DCAFE00A51CF7 /* Debug */,
				F2413018220DCAFE00A51CF7 /* Release */,
			);
			defaultConfigurationIsVisible = 0;
			defaultConfigurationName = Release;
		};
		F2413019220DCAFE00A51CF7 /* Build configuration list for PBXNativeTarget "Taskly" */ = {
			isa = XCConfigurationList;
			buildConfigurations = (
				F241301A220DCAFE00A51CF7 /* Debug */,
				F241301B220DCAFE00A51CF7 /* Release */,
			);
			defaultConfigurationIsVisible = 0;
			defaultConfigurationName = Release;
		};
/* End XCConfigurationList section */
	};
	rootObject = F2412FFF220DCAFB00A51CF7 /* Project object */;
}
